// !$*UTF8*$!
{
	archiveVersion = 1;
	classes = {
	};
	objectVersion = 77;
	objects = {

/* Begin PBXBuildFile section */
		00F91FC1CF9F49521CBAC66B /* AVFoundation.framework in Frameworks */ = {isa = PBXBuildFile; fileRef = 4A217708014EF026181712EE /* AVFoundation.framework */; };
		073E80F5FDBE403C171BA0E0 /* WhisperOnlineTranscriber.swift in Sources */ = {isa = PBXBuildFile; fileRef = 0901470403B6EFE177CBF5A0 /* WhisperOnlineTranscriber.swift */; };
		07FD02985E9CBFAEC0AD5B3E /* Transcribing.swift in Sources */ = {isa = PBXBuildFile; fileRef = A0292819C594D0D933ADD6B8 /* Transcribing.swift */; };
		0A5C2DA46357FFB6947B1426 /* InputMode.swift in Sources */ = {isa = PBXBuildFile; fileRef = 016506DEFA8F741D45D8CD69 /* InputMode.swift */; };
		13AB318F494CAE1A6D7B6022 /* AuthProviding.swift in Sources */ = {isa = PBXBuildFile; fileRef = E060D4FA58C18F7B203DF0B1 /* AuthProviding.swift */; };
		1828BACB9E21702302C4B4AA /* ChatSession.swift in Sources */ = {isa = PBXBuildFile; fileRef = 80204902A27B075495CF5EE2 /* ChatSession.swift */; };
		1E3EF44CBFCDF8D30FD9C246 /* Carbon.framework in Frameworks */ = {isa = PBXBuildFile; fileRef = 4B9F574123C08B60F4DE7C8C /* Carbon.framework */; };
		1EDB060953875B0A43210DB6 /* SamControls.swift in Sources */ = {isa = PBXBuildFile; fileRef = EF197FECC1D339211194F4F0 /* SamControls.swift */; };
		2A13FCB4467DE5A40052857B /* TranscriberFactory.swift in Sources */ = {isa = PBXBuildFile; fileRef = 825B99C7C7511222701D395C /* TranscriberFactory.swift */; };
		2AE17F22B33100C04EFCCB8D /* SamApp.swift in Sources */ = {isa = PBXBuildFile; fileRef = 275FBE6D05BA9F6DD7C87B2C /* SamApp.swift */; };
		303529F5E819E81C4521425E /* SettingsStore.swift in Sources */ = {isa = PBXBuildFile; fileRef = F0F0F0B185C499BD67ED8DF6 /* SettingsStore.swift */; };
		353BD3F6F67A922BCEEB49BE /* SpeechPermissionService.swift in Sources */ = {isa = PBXBuildFile; fileRef = 69CB755389E033CD89A2D415 /* SpeechPermissionService.swift */; };
		3B30FA5329CDA65019C56078 /* Speech.framework in Frameworks */ = {isa = PBXBuildFile; fileRef = 73781B7C31FDF05411DEAB3B /* Speech.framework */; };
		40B704685123337DDFD43D8A /* SamDesign.swift in Sources */ = {isa = PBXBuildFile; fileRef = 46FE3AE2BDBBAF3EBAB6E5F8 /* SamDesign.swift */; };
		417853388857E2F66ACD3C42 /* LaunchAtLoginService.swift in Sources */ = {isa = PBXBuildFile; fileRef = A4D5C79BE1C560104F413934 /* LaunchAtLoginService.swift */; };
		43A969A779B1045E171DBBBF /* SettingsView.swift in Sources */ = {isa = PBXBuildFile; fileRef = 4494AF1690E0705EE0D68562 /* SettingsView.swift */; };
		4F0EC6AD8CC0699FF4A45D87 /* LLM.swift in Sources */ = {isa = PBXBuildFile; fileRef = 30E1EDCE6548AF0C4B1D638D /* LLM.swift */; };
		549D8EFE5B6A111D1995AA0D /* LicenseKeychain.swift in Sources */ = {isa = PBXBuildFile; fileRef = 7CF61646DE84B2C57E610B60 /* LicenseKeychain.swift */; };
		5BF14E6E05F2F58C2CF579ED /* OpenAIClient.swift in Sources */ = {isa = PBXBuildFile; fileRef = 099D3813F91D5306F1C779D8 /* OpenAIClient.swift */; };
		5FB7CD83A417D898C9452F0C /* APIKeyKeychain.swift in Sources */ = {isa = PBXBuildFile; fileRef = 2CBC7544E8AD55B82C201DFF /* APIKeyKeychain.swift */; };
		639CA3D4A42595C672AFFDA1 /* LicenseService.swift in Sources */ = {isa = PBXBuildFile; fileRef = 367D767D6D809505D11B28CF /* LicenseService.swift */; };
		66126BDB1D0E2F765ADE41D9 /* STTEngine.swift in Sources */ = {isa = PBXBuildFile; fileRef = E62F24AF3FA0740BB221DE7C /* STTEngine.swift */; };
		66A68094D783D17F9225961B /* AccessibilityPermissionService.swift in Sources */ = {isa = PBXBuildFile; fileRef = 1098985F367558826BFAE8C6 /* AccessibilityPermissionService.swift */; };
		7365F1F7C01BD7C0E658D2FC /* OnboardingView.swift in Sources */ = {isa = PBXBuildFile; fileRef = 6CE89EEFCF12BBB275C0F191 /* OnboardingView.swift */; };
		81753499FAA5781861AE14BF /* ContextProvider.swift in Sources */ = {isa = PBXBuildFile; fileRef = 6F656393633CD8FC1F4279D3 /* ContextProvider.swift */; };
		8848B97001CE18F09B53F8AC /* AppDelegate.swift in Sources */ = {isa = PBXBuildFile; fileRef = D0D9DD44787250BC86128F1F /* AppDelegate.swift */; };
		9847FBED57E9AF84855296B2 /* LicenseConfig.swift in Sources */ = {isa = PBXBuildFile; fileRef = DC2F12165341295552D2D0B0 /* LicenseConfig.swift */; };
		9C3B39F52C7D66C9CA62B298 /* LinkifiedText.swift in Sources */ = {isa = PBXBuildFile; fileRef = 2D33E8A065AC21BB6EAA7236 /* LinkifiedText.swift */; };
		9D7257190BC025D33A853D4F /* AppState.swift in Sources */ = {isa = PBXBuildFile; fileRef = 4B33A17CB19F89BCB3D2AE58 /* AppState.swift */; };
		9DE71756D868126C1065D444 /* AudioRecorder.swift in Sources */ = {isa = PBXBuildFile; fileRef = E03C4B84B8D52B70A61067EE /* AudioRecorder.swift */; };
		AAF474C9AE623C8763E2C466 /* Sam.icns in Resources */ = {isa = PBXBuildFile; fileRef = E2669A60EF6E65ACB3EC25A4 /* Sam.icns */; };
		AE13F67E0A829F4FE8943F48 /* GeminiClient.swift in Sources */ = {isa = PBXBuildFile; fileRef = 7EE852C34588C8BEC4424DFF /* GeminiClient.swift */; };
		B5FB39D169951A135AA64B8F /* AppKit.framework in Frameworks */ = {isa = PBXBuildFile; fileRef = F44ED9CD54B350EF70D5477A /* AppKit.framework */; };
		B8C8685A722451FA6562948C /* WhisperKit in Frameworks */ = {isa = PBXBuildFile; productRef = EBA1B8AF9561693DA478D00D /* WhisperKit */; };
		B909B5142EAE52E84F842424 /* HotkeyManager.swift in Sources */ = {isa = PBXBuildFile; fileRef = A69C65D0BF0E2AB8DB7C55E9 /* HotkeyManager.swift */; };
		B964AA8C2CCE619F10CD0526 /* ClaudeClient.swift in Sources */ = {isa = PBXBuildFile; fileRef = E22A4BA2F308C2FEB6CF3BA3 /* ClaudeClient.swift */; };
		BB4A59545F024BE67A1A62B8 /* JSONValue.swift in Sources */ = {isa = PBXBuildFile; fileRef = 728765954E00DAC204380331 /* JSONValue.swift */; };
		BD2162AB0EDEE073B4DD8EE6 /* ProperNameEntry.swift in Sources */ = {isa = PBXBuildFile; fileRef = BD8420D6FC745D30641C332B /* ProperNameEntry.swift */; };
		C700E8085B2E77307AFE71B3 /* SpeechTranscriber.swift in Sources */ = {isa = PBXBuildFile; fileRef = 15B2560E5B4B255674AF4481 /* SpeechTranscriber.swift */; };
		D11DB0F1E7D4EEBEE625A258 /* OverlayWindow.swift in Sources */ = {isa = PBXBuildFile; fileRef = F7B0366312433406DF395FCA /* OverlayWindow.swift */; };
		D9CB2E88B393F3508E718733 /* OutputRouter.swift in Sources */ = {isa = PBXBuildFile; fileRef = 881823AAD8BEF37360A2FAD0 /* OutputRouter.swift */; };
		DC8795D10A3AF60B98F22789 /* Assets.xcassets in Resources */ = {isa = PBXBuildFile; fileRef = 5169F24638D4659D5FB8F269 /* Assets.xcassets */; };
		F2E7F0546D334F33F8731BA7 /* WhisperLocalTranscriber.swift in Sources */ = {isa = PBXBuildFile; fileRef = 760F5FEAE2A4177A03800ADA /* WhisperLocalTranscriber.swift */; };
/* End PBXBuildFile section */

/* Begin PBXFileReference section */
		016506DEFA8F741D45D8CD69 /* InputMode.swift */ = {isa = PBXFileReference; lastKnownFileType = sourcecode.swift; path = InputMode.swift; sourceTree = "<group>"; };
		0901470403B6EFE177CBF5A0 /* WhisperOnlineTranscriber.swift */ = {isa = PBXFileReference; lastKnownFileType = sourcecode.swift; path = WhisperOnlineTranscriber.swift; sourceTree = "<group>"; };
		099D3813F91D5306F1C779D8 /* OpenAIClient.swift */ = {isa = PBXFileReference; lastKnownFileType = sourcecode.swift; path = OpenAIClient.swift; sourceTree = "<group>"; };
		1098985F367558826BFAE8C6 /* AccessibilityPermissionService.swift */ = {isa = PBXFileReference; lastKnownFileType = sourcecode.swift; path = AccessibilityPermissionService.swift; sourceTree = "<group>"; };
		15B2560E5B4B255674AF4481 /* SpeechTranscriber.swift */ = {isa = PBXFileReference; lastKnownFileType = sourcecode.swift; path = SpeechTranscriber.swift; sourceTree = "<group>"; };
		275FBE6D05BA9F6DD7C87B2C /* SamApp.swift */ = {isa = PBXFileReference; lastKnownFileType = sourcecode.swift; path = SamApp.swift; sourceTree = "<group>"; };
		2CBC7544E8AD55B82C201DFF /* APIKeyKeychain.swift */ = {isa = PBXFileReference; lastKnownFileType = sourcecode.swift; path = APIKeyKeychain.swift; sourceTree = "<group>"; };
		2D33E8A065AC21BB6EAA7236 /* LinkifiedText.swift */ = {isa = PBXFileReference; lastKnownFileType = sourcecode.swift; path = LinkifiedText.swift; sourceTree = "<group>"; };
		30E1EDCE6548AF0C4B1D638D /* LLM.swift */ = {isa = PBXFileReference; lastKnownFileType = sourcecode.swift; path = LLM.swift; sourceTree = "<group>"; };
		367D767D6D809505D11B28CF /* LicenseService.swift */ = {isa = PBXFileReference; lastKnownFileType = sourcecode.swift; path = LicenseService.swift; sourceTree = "<group>"; };
		4494AF1690E0705EE0D68562 /* SettingsView.swift */ = {isa = PBXFileReference; lastKnownFileType = sourcecode.swift; path = SettingsView.swift; sourceTree = "<group>"; };
		46FE3AE2BDBBAF3EBAB6E5F8 /* SamDesign.swift */ = {isa = PBXFileReference; lastKnownFileType = sourcecode.swift; path = SamDesign.swift; sourceTree = "<group>"; };
		4A217708014EF026181712EE /* AVFoundation.framework */ = {isa = PBXFileReference; lastKnownFileType = wrapper.framework; name = AVFoundation.framework; path = System/Library/Frameworks/AVFoundation.framework; sourceTree = SDKROOT; };
		4B33A17CB19F89BCB3D2AE58 /* AppState.swift */ = {isa = PBXFileReference; lastKnownFileType = sourcecode.swift; path = AppState.swift; sourceTree = "<group>"; };
		4B9F574123C08B60F4DE7C8C /* Carbon.framework */ = {isa = PBXFileReference; lastKnownFileType = wrapper.framework; name = Carbon.framework; path = System/Library/Frameworks/Carbon.framework; sourceTree = SDKROOT; };
		4BD2DA26DF6379AD1E64457F /* Sam.app */ = {isa = PBXFileReference; explicitFileType = wrapper.application; includeInIndex = 0; path = Sam.app; sourceTree = BUILT_PRODUCTS_DIR; };
		501DCFB3A86D682C2F9529A1 /* Sam.entitlements */ = {isa = PBXFileReference; lastKnownFileType = text.plist.entitlements; path = Sam.entitlements; sourceTree = "<group>"; };
		5169F24638D4659D5FB8F269 /* Assets.xcassets */ = {isa = PBXFileReference; lastKnownFileType = folder.assetcatalog; path = Assets.xcassets; sourceTree = "<group>"; };
		69197C8B2B81B7063AD32525 /* Info.plist */ = {isa = PBXFileReference; lastKnownFileType = text.plist; path = Info.plist; sourceTree = "<group>"; };
		69CB755389E033CD89A2D415 /* SpeechPermissionService.swift */ = {isa = PBXFileReference; lastKnownFileType = sourcecode.swift; path = SpeechPermissionService.swift; sourceTree = "<group>"; };
		6CE89EEFCF12BBB275C0F191 /* OnboardingView.swift */ = {isa = PBXFileReference; lastKnownFileType = sourcecode.swift; path = OnboardingView.swift; sourceTree = "<group>"; };
		6F656393633CD8FC1F4279D3 /* ContextProvider.swift */ = {isa = PBXFileReference; lastKnownFileType = sourcecode.swift; path = ContextProvider.swift; sourceTree = "<group>"; };
		728765954E00DAC204380331 /* JSONValue.swift */ = {isa = PBXFileReference; lastKnownFileType = sourcecode.swift; path = JSONValue.swift; sourceTree = "<group>"; };
		73781B7C31FDF05411DEAB3B /* Speech.framework */ = {isa = PBXFileReference; lastKnownFileType = wrapper.framework; name = Speech.framework; path = System/Library/Frameworks/Speech.framework; sourceTree = SDKROOT; };
		760F5FEAE2A4177A03800ADA /* WhisperLocalTranscriber.swift */ = {isa = PBXFileReference; lastKnownFileType = sourcecode.swift; path = WhisperLocalTranscriber.swift; sourceTree = "<group>"; };
		7CF61646DE84B2C57E610B60 /* LicenseKeychain.swift */ = {isa = PBXFileReference; lastKnownFileType = sourcecode.swift; path = LicenseKeychain.swift; sourceTree = "<group>"; };
		7EE852C34588C8BEC4424DFF /* GeminiClient.swift */ = {isa = PBXFileReference; lastKnownFileType = sourcecode.swift; path = GeminiClient.swift; sourceTree = "<group>"; };
		80204902A27B075495CF5EE2 /* ChatSession.swift */ = {isa = PBXFileReference; lastKnownFileType = sourcecode.swift; path = ChatSession.swift; sourceTree = "<group>"; };
		825B99C7C7511222701D395C /* TranscriberFactory.swift */ = {isa = PBXFileReference; lastKnownFileType = sourcecode.swift; path = TranscriberFactory.swift; sourceTree = "<group>"; };
		881823AAD8BEF37360A2FAD0 /* OutputRouter.swift */ = {isa = PBXFileReference; lastKnownFileType = sourcecode.swift; path = OutputRouter.swift; sourceTree = "<group>"; };
		A0292819C594D0D933ADD6B8 /* Transcribing.swift */ = {isa = PBXFileReference; lastKnownFileType = sourcecode.swift; path = Transcribing.swift; sourceTree = "<group>"; };
		A4D5C79BE1C560104F413934 /* LaunchAtLoginService.swift */ = {isa = PBXFileReference; lastKnownFileType = sourcecode.swift; path = LaunchAtLoginService.swift; sourceTree = "<group>"; };
		A69C65D0BF0E2AB8DB7C55E9 /* HotkeyManager.swift */ = {isa = PBXFileReference; lastKnownFileType = sourcecode.swift; path = HotkeyManager.swift; sourceTree = "<group>"; };
		BD8420D6FC745D30641C332B /* ProperNameEntry.swift */ = {isa = PBXFileReference; lastKnownFileType = sourcecode.swift; path = ProperNameEntry.swift; sourceTree = "<group>"; };
		D0D9DD44787250BC86128F1F /* AppDelegate.swift */ = {isa = PBXFileReference; lastKnownFileType = sourcecode.swift; path = AppDelegate.swift; sourceTree = "<group>"; };
		DC2F12165341295552D2D0B0 /* LicenseConfig.swift */ = {isa = PBXFileReference; lastKnownFileType = sourcecode.swift; path = LicenseConfig.swift; sourceTree = "<group>"; };
		E03C4B84B8D52B70A61067EE /* AudioRecorder.swift */ = {isa = PBXFileReference; lastKnownFileType = sourcecode.swift; path = AudioRecorder.swift; sourceTree = "<group>"; };
		E060D4FA58C18F7B203DF0B1 /* AuthProviding.swift */ = {isa = PBXFileReference; lastKnownFileType = sourcecode.swift; path = AuthProviding.swift; sourceTree = "<group>"; };
		E22A4BA2F308C2FEB6CF3BA3 /* ClaudeClient.swift */ = {isa = PBXFileReference; lastKnownFileType = sourcecode.swift; path = ClaudeClient.swift; sourceTree = "<group>"; };
		E2669A60EF6E65ACB3EC25A4 /* Sam.icns */ = {isa = PBXFileReference; lastKnownFileType = image.icns; path = Sam.icns; sourceTree = "<group>"; };
		E62F24AF3FA0740BB221DE7C /* STTEngine.swift */ = {isa = PBXFileReference; lastKnownFileType = sourcecode.swift; path = STTEngine.swift; sourceTree = "<group>"; };
		EF197FECC1D339211194F4F0 /* SamControls.swift */ = {isa = PBXFileReference; lastKnownFileType = sourcecode.swift; path = SamControls.swift; sourceTree = "<group>"; };
		F0F0F0B185C499BD67ED8DF6 /* SettingsStore.swift */ = {isa = PBXFileReference; lastKnownFileType = sourcecode.swift; path = SettingsStore.swift; sourceTree = "<group>"; };
		F44ED9CD54B350EF70D5477A /* AppKit.framework */ = {isa = PBXFileReference; lastKnownFileType = wrapper.framework; name = AppKit.framework; path = System/Library/Frameworks/AppKit.framework; sourceTree = SDKROOT; };
		F7B0366312433406DF395FCA /* OverlayWindow.swift */ = {isa = PBXFileReference; lastKnownFileType = sourcecode.swift; path = OverlayWindow.swift; sourceTree = "<group>"; };
/* End PBXFileReference section */

/* Begin PBXFrameworksBuildPhase section */
		B84926ECB01E685BB8488C0B /* Frameworks */ = {
			isa = PBXFrameworksBuildPhase;
			buildActionMask = 2147483647;
			files = (
				B5FB39D169951A135AA64B8F /* AppKit.framework in Frameworks */,
				00F91FC1CF9F49521CBAC66B /* AVFoundation.framework in Frameworks */,
				3B30FA5329CDA65019C56078 /* Speech.framework in Frameworks */,
				1E3EF44CBFCDF8D30FD9C246 /* Carbon.framework in Frameworks */,
				B8C8685A722451FA6562948C /* WhisperKit in Frameworks */,
			);
			runOnlyForDeploymentPostprocessing = 0;
		};
/* End PBXFrameworksBuildPhase section */

/* Begin PBXGroup section */
		0FD2A7644BA8DF6E744B1BA9 = {
			isa = PBXGroup;
			children = (
				89958C4E298EDD689FA32EB0 /* Sam */,
				CE5DC8DEE874FADC9533D1F4 /* Frameworks */,
				4350827D3EB87F0F03CA49B1 /* Products */,
			);
			sourceTree = "<group>";
		};
		40387D85324D534352274967 /* UI */ = {
			isa = PBXGroup;
			children = (
				2D33E8A065AC21BB6EAA7236 /* LinkifiedText.swift */,
				6CE89EEFCF12BBB275C0F191 /* OnboardingView.swift */,
				F7B0366312433406DF395FCA /* OverlayWindow.swift */,
				EF197FECC1D339211194F4F0 /* SamControls.swift */,
				46FE3AE2BDBBAF3EBAB6E5F8 /* SamDesign.swift */,
				4494AF1690E0705EE0D68562 /* SettingsView.swift */,
			);
			path = UI;
			sourceTree = "<group>";
		};
		4350827D3EB87F0F03CA49B1 /* Products */ = {
			isa = PBXGroup;
			children = (
				4BD2DA26DF6379AD1E64457F /* Sam.app */,
			);
			name = Products;
			sourceTree = "<group>";
		};
		614C66EC87E8CF3692783099 /* Services */ = {
			isa = PBXGroup;
			children = (
				1098985F367558826BFAE8C6 /* AccessibilityPermissionService.swift */,
				2CBC7544E8AD55B82C201DFF /* APIKeyKeychain.swift */,
				A4D5C79BE1C560104F413934 /* LaunchAtLoginService.swift */,
				DC2F12165341295552D2D0B0 /* LicenseConfig.swift */,
				7CF61646DE84B2C57E610B60 /* LicenseKeychain.swift */,
				367D767D6D809505D11B28CF /* LicenseService.swift */,
				F0F0F0B185C499BD67ED8DF6 /* SettingsStore.swift */,
				69CB755389E033CD89A2D415 /* SpeechPermissionService.swift */,
			);
			path = Services;
			sourceTree = "<group>";
		};
		89958C4E298EDD689FA32EB0 /* Sam */ = {
			isa = PBXGroup;
			children = (
				501DCFB3A86D682C2F9529A1 /* Sam.entitlements */,
				AA4F589A27A22963040291B4 /* App */,
				C7A031339696D5E772CF459B /* Core */,
				E1199D6AE4CC891F8EEAB15C /* Models */,
				D041013C000A1FDED3D17C8E /* Protocols */,
				F0EF0CEB4151F642D3FF94E5 /* Resources */,
				614C66EC87E8CF3692783099 /* Services */,
				40387D85324D534352274967 /* UI */,
			);
			path = Sam;
			sourceTree = "<group>";
		};
		AA4F589A27A22963040291B4 /* App */ = {
			isa = PBXGroup;
			children = (
				D0D9DD44787250BC86128F1F /* AppDelegate.swift */,
				4B33A17CB19F89BCB3D2AE58 /* AppState.swift */,
				275FBE6D05BA9F6DD7C87B2C /* SamApp.swift */,
			);
			path = App;
			sourceTree = "<group>";
		};
		C7A031339696D5E772CF459B /* Core */ = {
			isa = PBXGroup;
			children = (
				E03C4B84B8D52B70A61067EE /* AudioRecorder.swift */,
				80204902A27B075495CF5EE2 /* ChatSession.swift */,
				E22A4BA2F308C2FEB6CF3BA3 /* ClaudeClient.swift */,
				6F656393633CD8FC1F4279D3 /* ContextProvider.swift */,
				7EE852C34588C8BEC4424DFF /* GeminiClient.swift */,
				A69C65D0BF0E2AB8DB7C55E9 /* HotkeyManager.swift */,
				016506DEFA8F741D45D8CD69 /* InputMode.swift */,
				728765954E00DAC204380331 /* JSONValue.swift */,
				30E1EDCE6548AF0C4B1D638D /* LLM.swift */,
				099D3813F91D5306F1C779D8 /* OpenAIClient.swift */,
				881823AAD8BEF37360A2FAD0 /* OutputRouter.swift */,
				15B2560E5B4B255674AF4481 /* SpeechTranscriber.swift */,
				E62F24AF3FA0740BB221DE7C /* STTEngine.swift */,
				825B99C7C7511222701D395C /* TranscriberFactory.swift */,
				A0292819C594D0D933ADD6B8 /* Transcribing.swift */,
				760F5FEAE2A4177A03800ADA /* WhisperLocalTranscriber.swift */,
				0901470403B6EFE177CBF5A0 /* WhisperOnlineTranscriber.swift */,
			);
			path = Core;
			sourceTree = "<group>";
		};
		CE5DC8DEE874FADC9533D1F4 /* Frameworks */ = {
			isa = PBXGroup;
			children = (
				F44ED9CD54B350EF70D5477A /* AppKit.framework */,
				4A217708014EF026181712EE /* AVFoundation.framework */,
				4B9F574123C08B60F4DE7C8C /* Carbon.framework */,
				73781B7C31FDF05411DEAB3B /* Speech.framework */,
			);
			name = Frameworks;
			sourceTree = "<group>";
		};
		D041013C000A1FDED3D17C8E /* Protocols */ = {
			isa = PBXGroup;
			children = (
				E060D4FA58C18F7B203DF0B1 /* AuthProviding.swift */,
			);
			path = Protocols;
			sourceTree = "<group>";
		};
		E1199D6AE4CC891F8EEAB15C /* Models */ = {
			isa = PBXGroup;
			children = (
				BD8420D6FC745D30641C332B /* ProperNameEntry.swift */,
			);
			path = Models;
			sourceTree = "<group>";
		};
		F0EF0CEB4151F642D3FF94E5 /* Resources */ = {
			isa = PBXGroup;
			children = (
				5169F24638D4659D5FB8F269 /* Assets.xcassets */,
				69197C8B2B81B7063AD32525 /* Info.plist */,
				E2669A60EF6E65ACB3EC25A4 /* Sam.icns */,
			);
			path = Resources;
			sourceTree = "<group>";
		};
/* End PBXGroup section */

/* Begin PBXNativeTarget section */
		38011AC2BB21D45DE1BAB843 /* Sam */ = {
			isa = PBXNativeTarget;
			buildConfigurationList = 5429FD8877B368D9166FE5DA /* Build configuration list for PBXNativeTarget "Sam" */;
			buildPhases = (
				9CA51E70652C2CFEB1391DB5 /* Sources */,
				96E69FCA315F1B6D42AF426E /* Resources */,
				B84926ECB01E685BB8488C0B /* Frameworks */,
			);
			buildRules = (
			);
			dependencies = (
			);
			name = Sam;
			packageProductDependencies = (
				EBA1B8AF9561693DA478D00D /* WhisperKit */,
			);
			productName = Sam;
			productReference = 4BD2DA26DF6379AD1E64457F /* Sam.app */;
			productType = "com.apple.product-type.application";
		};
/* End PBXNativeTarget section */

/* Begin PBXProject section */
		B5684F23F8F06FAA23D3D516 /* Project object */ = {
			isa = PBXProject;
			attributes = {
				BuildIndependentTargetsInParallel = YES;
				LastUpgradeCheck = 1430;
				TargetAttributes = {
					38011AC2BB21D45DE1BAB843 = {
						ProvisioningStyle = Automatic;
					};
				};
			};
			buildConfigurationList = E90ACED7B1AEC21996E5997C /* Build configuration list for PBXProject "Sam" */;
			developmentRegion = en;
			hasScannedForEncodings = 0;
			knownRegions = (
				Base,
				en,
			);
			mainGroup = 0FD2A7644BA8DF6E744B1BA9;
			minimizedProjectReferenceProxies = 1;
			packageReferences = (
				07E3055553B7DD199598E5BB /* XCRemoteSwiftPackageReference "WhisperKit" */,
			);
			preferredProjectObjectVersion = 77;
			productRefGroup = 4350827D3EB87F0F03CA49B1 /* Products */;
			projectDirPath = "";
			projectRoot = "";
			targets = (
				38011AC2BB21D45DE1BAB843 /* Sam */,
			);
		};
/* End PBXProject section */

/* Begin PBXResourcesBuildPhase section */
		96E69FCA315F1B6D42AF426E /* Resources */ = {
			isa = PBXResourcesBuildPhase;
			buildActionMask = 2147483647;
			files = (
				DC8795D10A3AF60B98F22789 /* Assets.xcassets in Resources */,
				AAF474C9AE623C8763E2C466 /* Sam.icns in Resources */,
			);
			runOnlyForDeploymentPostprocessing = 0;
		};
/* End PBXResourcesBuildPhase section */

/* Begin PBXSourcesBuildPhase section */
		9CA51E70652C2CFEB1391DB5 /* Sources */ = {
			isa = PBXSourcesBuildPhase;
			buildActionMask = 2147483647;
			files = (
				5FB7CD83A417D898C9452F0C /* APIKeyKeychain.swift in Sources */,
				66A68094D783D17F9225961B /* AccessibilityPermissionService.swift in Sources */,
				8848B97001CE18F09B53F8AC /* AppDelegate.swift in Sources */,
				9D7257190BC025D33A853D4F /* AppState.swift in Sources */,
				9DE71756D868126C1065D444 /* AudioRecorder.swift in Sources */,
				13AB318F494CAE1A6D7B6022 /* AuthProviding.swift in Sources */,
				1828BACB9E21702302C4B4AA /* ChatSession.swift in Sources */,
				B964AA8C2CCE619F10CD0526 /* ClaudeClient.swift in Sources */,
				81753499FAA5781861AE14BF /* ContextProvider.swift in Sources */,
				AE13F67E0A829F4FE8943F48 /* GeminiClient.swift in Sources */,
				B909B5142EAE52E84F842424 /* HotkeyManager.swift in Sources */,
				0A5C2DA46357FFB6947B1426 /* InputMode.swift in Sources */,
				BB4A59545F024BE67A1A62B8 /* JSONValue.swift in Sources */,
				4F0EC6AD8CC0699FF4A45D87 /* LLM.swift in Sources */,
				417853388857E2F66ACD3C42 /* LaunchAtLoginService.swift in Sources */,
				9847FBED57E9AF84855296B2 /* LicenseConfig.swift in Sources */,
				549D8EFE5B6A111D1995AA0D /* LicenseKeychain.swift in Sources */,
				639CA3D4A42595C672AFFDA1 /* LicenseService.swift in Sources */,
				9C3B39F52C7D66C9CA62B298 /* LinkifiedText.swift in Sources */,
				7365F1F7C01BD7C0E658D2FC /* OnboardingView.swift in Sources */,
				5BF14E6E05F2F58C2CF579ED /* OpenAIClient.swift in Sources */,
				D9CB2E88B393F3508E718733 /* OutputRouter.swift in Sources */,
				D11DB0F1E7D4EEBEE625A258 /* OverlayWindow.swift in Sources */,
				BD2162AB0EDEE073B4DD8EE6 /* ProperNameEntry.swift in Sources */,
				66126BDB1D0E2F765ADE41D9 /* STTEngine.swift in Sources */,
				2AE17F22B33100C04EFCCB8D /* SamApp.swift in Sources */,
				1EDB060953875B0A43210DB6 /* SamControls.swift in Sources */,
				40B704685123337DDFD43D8A /* SamDesign.swift in Sources */,
				303529F5E819E81C4521425E /* SettingsStore.swift in Sources */,
				43A969A779B1045E171DBBBF /* SettingsView.swift in Sources */,
				353BD3F6F67A922BCEEB49BE /* SpeechPermissionService.swift in Sources */,
				C700E8085B2E77307AFE71B3 /* SpeechTranscriber.swift in Sources */,
				2A13FCB4467DE5A40052857B /* TranscriberFactory.swift in Sources */,
				07FD02985E9CBFAEC0AD5B3E /* Transcribing.swift in Sources */,
				F2E7F0546D334F33F8731BA7 /* WhisperLocalTranscriber.swift in Sources */,
				073E80F5FDBE403C171BA0E0 /* WhisperOnlineTranscriber.swift in Sources */,
			);
			runOnlyForDeploymentPostprocessing = 0;
		};
/* End PBXSourcesBuildPhase section */

/* Begin XCBuildConfiguration section */
		1A90C3633F458283F65BEDB4 /* Debug */ = {
			isa = XCBuildConfiguration;
			buildSettings = {
				ALWAYS_SEARCH_USER_PATHS = NO;
				CLANG_ANALYZER_NONNULL = YES;
				CLANG_ANALYZER_NUMBER_OBJECT_CONVERSION = YES_AGGRESSIVE;
				CLANG_CXX_LANGUAGE_STANDARD = "gnu++14";
				CLANG_CXX_LIBRARY = "libc++";
				CLANG_ENABLE_MODULES = YES;
				CLANG_ENABLE_OBJC_ARC = YES;
				CLANG_ENABLE_OBJC_WEAK = YES;
				CLANG_WARN_BLOCK_CAPTURE_AUTORELEASING = YES;
				CLANG_WARN_BOOL_CONVERSION = YES;
				CLANG_WARN_COMMA = YES;
				CLANG_WARN_CONSTANT_CONVERSION = YES;
				CLANG_WARN_DEPRECATED_OBJC_IMPLEMENTATIONS = YES;
				CLANG_WARN_DIRECT_OBJC_ISA_USAGE = YES_ERROR;
				CLANG_WARN_DOCUMENTATION_COMMENTS = YES;
				CLANG_WARN_EMPTY_BODY = YES;
				CLANG_WARN_ENUM_CONVERSION = YES;
				CLANG_WARN_INFINITE_RECURSION = YES;
				CLANG_WARN_INT_CONVERSION = YES;
				CLANG_WARN_NON_LITERAL_NULL_CONVERSION = YES;
				CLANG_WARN_OBJC_IMPLICIT_RETAIN_SELF = YES;
				CLANG_WARN_OBJC_LITERAL_CONVERSION = YES;
				CLANG_WARN_OBJC_ROOT_CLASS = YES_ERROR;
				CLANG_WARN_QUOTED_INCLUDE_IN_FRAMEWORK_HEADER = YES;
				CLANG_WARN_RANGE_LOOP_ANALYSIS = YES;
				CLANG_WARN_STRICT_PROTOTYPES = YES;
				CLANG_WARN_SUSPICIOUS_MOVE = YES;
				CLANG_WARN_UNGUARDED_AVAILABILITY = YES_AGGRESSIVE;
				CLANG_WARN_UNREACHABLE_CODE = YES;
				CLANG_WARN__DUPLICATE_METHOD_MATCH = YES;
				CODE_SIGN_STYLE = Automatic;
				COPY_PHASE_STRIP = NO;
				DEBUG_INFORMATION_FORMAT = dwarf;
				ENABLE_STRICT_OBJC_MSGSEND = YES;
				ENABLE_TESTABILITY = YES;
				GCC_C_LANGUAGE_STANDARD = gnu11;
				GCC_DYNAMIC_NO_PIC = NO;
				GCC_NO_COMMON_BLOCKS = YES;
				GCC_OPTIMIZATION_LEVEL = 0;
				GCC_PREPROCESSOR_DEFINITIONS = (
					"$(inherited)",
					"DEBUG=1",
				);
				GCC_WARN_64_TO_32_BIT_CONVERSION = YES;
				GCC_WARN_ABOUT_RETURN_TYPE = YES_ERROR;
				GCC_WARN_UNDECLARED_SELECTOR = YES;
				GCC_WARN_UNINITIALIZED_AUTOS = YES_AGGRESSIVE;
				GCC_WARN_UNUSED_FUNCTION = YES;
				GCC_WARN_UNUSED_VARIABLE = YES;
				MACOSX_DEPLOYMENT_TARGET = 15.0;
				MTL_ENABLE_DEBUG_INFO = INCLUDE_SOURCE;
				MTL_FAST_MATH = YES;
				ONLY_ACTIVE_ARCH = YES;
				PRODUCT_NAME = "$(TARGET_NAME)";
				SDKROOT = macosx;
				SWIFT_ACTIVE_COMPILATION_CONDITIONS = DEBUG;
				SWIFT_OPTIMIZATION_LEVEL = "-Onone";
				SWIFT_VERSION = 6.0;
			};
			name = Debug;
		};
		7766DEBDD3858C6ECF2E2727 /* Debug */ = {
			isa = XCBuildConfiguration;
			buildSettings = {
				ASSETCATALOG_COMPILER_APPICON_NAME = AppIcon;
				CODE_SIGN_ENTITLEMENTS = Sam/Sam.entitlements;
				COMBINE_HIDPI_IMAGES = YES;
				CURRENT_PROJECT_VERSION = 1;
				ENABLE_HARDENED_RUNTIME = YES;
				GENERATE_INFOPLIST_FILE = NO;
				INFOPLIST_FILE = Sam/Resources/Info.plist;
				LD_RUNPATH_SEARCH_PATHS = (
					"$(inherited)",
					"@executable_path/../Frameworks",
				);
				MARKETING_VERSION = 1.0.1;
				PRODUCT_BUNDLE_IDENTIFIER = de.larsmacario.sam;
				PRODUCT_NAME = SAM;
				SDKROOT = macosx;
				SWIFT_STRICT_CONCURRENCY = complete;
			};
			name = Debug;
		};
		7A4B345B71124C0D86467C6A /* Release */ = {
			isa = XCBuildConfiguration;
			buildSettings = {
				ASSETCATALOG_COMPILER_APPICON_NAME = AppIcon;
				CODE_SIGN_ENTITLEMENTS = Sam/Sam.entitlements;
				COMBINE_HIDPI_IMAGES = YES;
				CURRENT_PROJECT_VERSION = 1;
				ENABLE_HARDENED_RUNTIME = YES;
				GENERATE_INFOPLIST_FILE = NO;
				INFOPLIST_FILE = Sam/Resources/Info.plist;
				LD_RUNPATH_SEARCH_PATHS = (
					"$(inherited)",
					"@executable_path/../Frameworks",
				);
				MARKETING_VERSION = 1.0.1;
				PRODUCT_BUNDLE_IDENTIFIER = de.larsmacario.sam;
				PRODUCT_NAME = SAM;
				SDKROOT = macosx;
				SWIFT_STRICT_CONCURRENCY = complete;
			};
			name = Release;
		};
		D861162E84A5C361D9070F68 /* Release */ = {
			isa = XCBuildConfiguration;
			buildSettings = {
				ALWAYS_SEARCH_USER_PATHS = NO;
				CLANG_ANALYZER_NONNULL = YES;
				CLANG_ANALYZER_NUMBER_OBJECT_CONVERSION = YES_AGGRESSIVE;
				CLANG_CXX_LANGUAGE_STANDARD = "gnu++14";
				CLANG_CXX_LIBRARY = "libc++";
				CLANG_ENABLE_MODULES = YES;
				CLANG_ENABLE_OBJC_ARC = YES;
				CLANG_ENABLE_OBJC_WEAK = YES;
				CLANG_WARN_BLOCK_CAPTURE_AUTORELEASING = YES;
				CLANG_WARN_BOOL_CONVERSION = YES;
				CLANG_WARN_COMMA = YES;
				CLANG_WARN_CONSTANT_CONVERSION = YES;
				CLANG_WARN_DEPRECATED_OBJC_IMPLEMENTATIONS = YES;
				CLANG_WARN_DIRECT_OBJC_ISA_USAGE = YES_ERROR;
				CLANG_WARN_DOCUMENTATION_COMMENTS = YES;
				CLANG_WARN_EMPTY_BODY = YES;
				CLANG_WARN_ENUM_CONVERSION = YES;
				CLANG_WARN_INFINITE_RECURSION = YES;
				CLANG_WARN_INT_CONVERSION = YES;
				CLANG_WARN_NON_LITERAL_NULL_CONVERSION = YES;
				CLANG_WARN_OBJC_IMPLICIT_RETAIN_SELF = YES;
				CLANG_WARN_OBJC_LITERAL_CONVERSION = YES;
				CLANG_WARN_OBJC_ROOT_CLASS = YES_ERROR;
				CLANG_WARN_QUOTED_INCLUDE_IN_FRAMEWORK_HEADER = YES;
				CLANG_WARN_RANGE_LOOP_ANALYSIS = YES;
				CLANG_WARN_STRICT_PROTOTYPES = YES;
				CLANG_WARN_SUSPICIOUS_MOVE = YES;
				CLANG_WARN_UNGUARDED_AVAILABILITY = YES_AGGRESSIVE;
				CLANG_WARN_UNREACHABLE_CODE = YES;
				CLANG_WARN__DUPLICATE_METHOD_MATCH = YES;
				CODE_SIGN_STYLE = Automatic;
				COPY_PHASE_STRIP = NO;
				DEBUG_INFORMATION_FORMAT = "dwarf-with-dsym";
				ENABLE_NS_ASSERTIONS = NO;
				ENABLE_STRICT_OBJC_MSGSEND = YES;
				GCC_C_LANGUAGE_STANDARD = gnu11;
				GCC_NO_COMMON_BLOCKS = YES;
				GCC_WARN_64_TO_32_BIT_CONVERSION = YES;
				GCC_WARN_ABOUT_RETURN_TYPE = YES_ERROR;
				GCC_WARN_UNDECLARED_SELECTOR = YES;
				GCC_WARN_UNINITIALIZED_AUTOS = YES_AGGRESSIVE;
				GCC_WARN_UNUSED_FUNCTION = YES;
				GCC_WARN_UNUSED_VARIABLE = YES;
				MACOSX_DEPLOYMENT_TARGET = 15.0;
				MTL_ENABLE_DEBUG_INFO = NO;
				MTL_FAST_MATH = YES;
				PRODUCT_NAME = "$(TARGET_NAME)";
				SDKROOT = macosx;
				SWIFT_COMPILATION_MODE = wholemodule;
				SWIFT_OPTIMIZATION_LEVEL = "-O";
				SWIFT_VERSION = 6.0;
			};
			name = Release;
		};
/* End XCBuildConfiguration section */

/* Begin XCConfigurationList section */
		5429FD8877B368D9166FE5DA /* Build configuration list for PBXNativeTarget "Sam" */ = {
			isa = XCConfigurationList;
			buildConfigurations = (
				7766DEBDD3858C6ECF2E2727 /* Debug */,
				7A4B345B71124C0D86467C6A /* Release */,
			);
			defaultConfigurationIsVisible = 0;
			defaultConfigurationName = Debug;
		};
		E90ACED7B1AEC21996E5997C /* Build configuration list for PBXProject "Sam" */ = {
			isa = XCConfigurationList;
			buildConfigurations = (
				1A90C3633F458283F65BEDB4 /* Debug */,
				D861162E84A5C361D9070F68 /* Release */,
			);
			defaultConfigurationIsVisible = 0;
			defaultConfigurationName = Debug;
		};
/* End XCConfigurationList section */

/* Begin XCRemoteSwiftPackageReference section */
		07E3055553B7DD199598E5BB /* XCRemoteSwiftPackageReference "WhisperKit" */ = {
			isa = XCRemoteSwiftPackageReference;
			repositoryURL = "https://github.com/argmaxinc/WhisperKit.git";
			requirement = {
				kind = upToNextMajorVersion;
				minimumVersion = 1.0.0;
			};
		};
/* End XCRemoteSwiftPackageReference section */

/* Begin XCSwiftPackageProductDependency section */
		EBA1B8AF9561693DA478D00D /* WhisperKit */ = {
			isa = XCSwiftPackageProductDependency;
			package = 07E3055553B7DD199598E5BB /* XCRemoteSwiftPackageReference "WhisperKit" */;
			productName = WhisperKit;
		};
/* End XCSwiftPackageProductDependency section */
	};
	rootObject = B5684F23F8F06FAA23D3D516 /* Project object */;
}
